PODS:
  - MQTTClient (0.15.3):
    - MQTTClient/Core (= 0.15.3)
  - MQTTClient/Core (0.15.3):
    - MQTTClient/Manager
    - MQTTClient/Min
  - MQTTClient/Manager (0.15.3):
    - MQTTClient/Min
  - MQTTClient/Min (0.15.3)
  - Protobuf (4.30.1)
  - SnapKit (5.7.1)
  - SwiftProtobuf (1.29.0)
  - WCDB.swift (2.1.10):
    - WCDBOptimizedSQLCipher (= 1.4.7)
  - WCDBOptimizedSQLCipher (1.4.7)
  - YYModel (1.0.4)

DEPENDENCIES:
  - MQTTClient
  - Protobuf
  - SnapKit
  - SwiftProtobuf
  - WCDB.swift
  - YYModel

SPEC REPOS:
  trunk:
    - MQTTClient
    - Protobuf
    - SnapKit
    - SwiftProtobuf
    - WCDB.swift
    - WCDBOptimizedSQLCipher
    - YYModel

SPEC CHECKSUMS:
  MQTTClient: 0dfa04e789479c2e461786464969895c1fcb0875
  Protobuf: 4578a463e71fbb1e5e77dd81d4ec718bef828475
  SnapKit: d612e99e678a2d3b95bf60b0705ed0a35c03484a
  SwiftProtobuf: b7aa08087e2ab6d162862d143020091254095f69
  WCDB.swift: 21ca53849dabc6c98e6645f3fb669f45a47e7dc9
  WCDBOptimizedSQLCipher: 9bceac087eff9625b151838d3a30364f53f71ad9
  YYModel: 2a7fdd96aaa4b86a824e26d0c517de8928c04b30

PODFILE CHECKSUM: 782f7756022e85bd5972822ccdb6185430f88756

COCOAPODS: 1.16.2
